
Microsoft Visual Studio Solution File, Format Version 12.00
# Visual Studio Version 17
VisualStudioVersion = 17.0.31903.59
MinimumVisualStudioVersion = 10.0.40219.1
Project("{FAE04EC0-301F-11D3-BF4B-00C04F79EFBC}") = "ShoppingCart.API", "ShoppingCart.API\ShoppingCart.API.csproj", "{855110C7-FF41-47B7-A40D-CA4AE260D232}"
EndProject
Project("{FAE04EC0-301F-11D3-BF4B-00C04F79EFBC}") = "Order.API", "Order.API\Order.API.csproj", "{C1107A98-3916-4F7D-8919-746EA92A4145}"
EndProject
Global
	GlobalSection(SolutionConfigurationPlatforms) = preSolution
		Debug|Any CPU = Debug|Any CPU
		Debug|x64 = Debug|x64
		Debug|x86 = Debug|x86
		Release|Any CPU = Release|Any CPU
		Release|x64 = Release|x64
		Release|x86 = Release|x86
	EndGlobalSection
	GlobalSection(ProjectConfigurationPlatforms) = postSolution
		{855110C7-FF41-47B7-A40D-CA4AE260D232}.Debug|Any CPU.ActiveCfg = Debug|Any CPU
		{855110C7-FF41-47B7-A40D-CA4AE260D232}.Debug|Any CPU.Build.0 = Debug|Any CPU
		{855110C7-FF41-47B7-A40D-CA4AE260D232}.Debug|x64.ActiveCfg = Debug|Any CPU
		{855110C7-FF41-47B7-A40D-CA4AE260D232}.Debug|x64.Build.0 = Debug|Any CPU
		{855110C7-FF41-47B7-A40D-CA4AE260D232}.Debug|x86.ActiveCfg = Debug|Any CPU
		{855110C7-FF41-47B7-A40D-CA4AE260D232}.Debug|x86.Build.0 = Debug|Any CPU
		{855110C7-FF41-47B7-A40D-CA4AE260D232}.Release|Any CPU.ActiveCfg = Release|Any CPU
		{855110C7-FF41-47B7-A40D-CA4AE260D232}.Release|Any CPU.Build.0 = Release|Any CPU
		{855110C7-FF41-47B7-A40D-CA4AE260D232}.Release|x64.ActiveCfg = Release|Any CPU
		{855110C7-FF41-47B7-A40D-CA4AE260D232}.Release|x64.Build.0 = Release|Any CPU
		{855110C7-FF41-47B7-A40D-CA4AE260D232}.Release|x86.ActiveCfg = Release|Any CPU
		{855110C7-FF41-47B7-A40D-CA4AE260D232}.Release|x86.Build.0 = Release|Any CPU
		{C1107A98-3916-4F7D-8919-746EA92A4145}.Debug|Any CPU.ActiveCfg = Debug|Any CPU
		{C1107A98-3916-4F7D-8919-746EA92A4145}.Debug|Any CPU.Build.0 = Debug|Any CPU
		{C1107A98-3916-4F7D-8919-746EA92A4145}.Debug|x64.ActiveCfg = Debug|Any CPU
		{C1107A98-3916-4F7D-8919-746EA92A4145}.Debug|x64.Build.0 = Debug|Any CPU
		{C1107A98-3916-4F7D-8919-746EA92A4145}.Debug|x86.ActiveCfg = Debug|Any CPU
		{C1107A98-3916-4F7D-8919-746EA92A4145}.Debug|x86.Build.0 = Debug|Any CPU
		{C1107A98-3916-4F7D-8919-746EA92A4145}.Release|Any CPU.ActiveCfg = Release|Any CPU
		{C1107A98-3916-4F7D-8919-746EA92A4145}.Release|Any CPU.Build.0 = Release|Any CPU
		{C1107A98-3916-4F7D-8919-746EA92A4145}.Release|x64.ActiveCfg = Release|Any CPU
		{C1107A98-3916-4F7D-8919-746EA92A4145}.Release|x64.Build.0 = Release|Any CPU
		{C1107A98-3916-4F7D-8919-746EA92A4145}.Release|x86.ActiveCfg = Release|Any CPU
		{C1107A98-3916-4F7D-8919-746EA92A4145}.Release|x86.Build.0 = Release|Any CPU
	EndGlobalSection
	GlobalSection(SolutionProperties) = preSolution
		HideSolutionNode = FALSE
	EndGlobalSection
EndGlobal
